// !$*UTF8*$!
{
	archiveVersion = 1;
	classes = {
	};
	objectVersion = 50;
	objects = {

/* Begin PBXBuildFile section */
		3553F4792254BCD70044BE94 /* AppDelegate.swift in Sources */ = {isa = PBXBuildFile; fileRef = 3553F4782254BCD70044BE94 /* AppDelegate.swift */; };
		3553F47B2254BCD70044BE94 /* ViewController.swift in Sources */ = {isa = PBXBuildFile; fileRef = 3553F47A2254BCD70044BE94 /* ViewController.swift */; };
		3553F47E2254BCD70044BE94 /* Main.storyboard in Resources */ = {isa = PBXBuildFile; fileRef = 3553F47C2254BCD70044BE94 /* Main.storyboard */; };
		3553F4802254BCD90044BE94 /* Assets.xcassets in Resources */ = {isa = PBXBuildFile; fileRef = 3553F47F2254BCD90044BE94 /* Assets.xcassets */; };
		3553F4832254BCD90044BE94 /* LaunchScreen.storyboard in Resources */ = {isa = PBXBuildFile; fileRef = 3553F4812254BCD90044BE94 /* LaunchScreen.storyboard */; };
		3553F48D2254D9630044BE94 /* YourSeatViewController.swift in Sources */ = {isa = PBXBuildFile; fileRef = 3553F48C2254D9630044BE94 /* YourSeatViewController.swift */; };
		3553F48F2254DD6C0044BE94 /* SplashScreenViewController.swift in Sources */ = {isa = PBXBuildFile; fileRef = 3553F48E2254DD6C0044BE94 /* SplashScreenViewController.swift */; };
		3553F4912254F17D0044BE94 /* InterestsViewController.swift in Sources */ = {isa = PBXBuildFile; fileRef = 3553F4902254F17D0044BE94 /* InterestsViewController.swift */; };
		E6E4D38FA871291A8CE9A553 /* Pods_SmartSeating.framework in Frameworks */ = {isa = PBXBuildFile; fileRef = D62788DA4000B4A66427EBCF /* Pods_SmartSeating.framework */; };
/* End PBXBuildFile section */

/* Begin PBXFileReference section */
		3553F4752254BCD70044BE94 /* SmartSeating.app */ = {isa = PBXFileReference; explicitFileType = wrapper.application; includeInIndex = 0; path = SmartSeating.app; sourceTree = BUILT_PRODUCTS_DIR; };
		3553F4782254BCD70044BE94 /* AppDelegate.swift */ = {isa = PBXFileReference; lastKnownFileType = sourcecode.swift; path = AppDelegate.swift; sourceTree = "<group>"; };
		3553F47A2254BCD70044BE94 /* ViewController.swift */ = {isa = PBXFileReference; lastKnownFileType = sourcecode.swift; path = ViewController.swift; sourceTree = "<group>"; };
		3553F47D2254BCD70044BE94 /* Base */ = {isa = PBXFileReference; lastKnownFileType = file.storyboard; name = Base; path = Base.lproj/Main.storyboard; sourceTree = "<group>"; };
		3553F47F2254BCD90044BE94 /* Assets.xcassets */ = {isa = PBXFileReference; lastKnownFileType = folder.assetcatalog; path = Assets.xcassets; sourceTree = "<group>"; };
		3553F4822254BCD90044BE94 /* Base */ = {isa = PBXFileReference; lastKnownFileType = file.storyboard; name = Base; path = Base.lproj/LaunchScreen.storyboard; sourceTree = "<group>"; };
		3553F4842254BCD90044BE94 /* Info.plist */ = {isa = PBXFileReference; lastKnownFileType = text.plist.xml; path = Info.plist; sourceTree = "<group>"; };
		3553F48C2254D9630044BE94 /* YourSeatViewController.swift */ = {isa = PBXFileReference; fileEncoding = 4; lastKnownFileType = sourcecode.swift; path = YourSeatViewController.swift; sourceTree = "<group>"; };
		3553F48E2254DD6C0044BE94 /* SplashScreenViewController.swift */ = {isa = PBXFileReference; lastKnownFileType = sourcecode.swift; path = SplashScreenViewController.swift; sourceTree = "<group>"; };
		3553F4902254F17D0044BE94 /* InterestsViewController.swift */ = {isa = PBXFileReference; lastKnownFileType = sourcecode.swift; path = InterestsViewController.swift; sourceTree = "<group>"; };
		7A46BF926E2845DE4A9A8961 /* Pods-SmartSeating.debug.xcconfig */ = {isa = PBXFileReference; includeInIndex = 1; lastKnownFileType = text.xcconfig; name = "Pods-SmartSeating.debug.xcconfig"; path = "Pods/Target Support Files/Pods-SmartSeating/Pods-SmartSeating.debug.xcconfig"; sourceTree = "<group>"; };
		C5E796134F84716BF72823E2 /* Pods-SmartSeating.release.xcconfig */ = {isa = PBXFileReference; includeInIndex = 1; lastKnownFileType = text.xcconfig; name = "Pods-SmartSeating.release.xcconfig"; path = "Pods/Target Support Files/Pods-SmartSeating/Pods-SmartSeating.release.xcconfig"; sourceTree = "<group>"; };
		D62788DA4000B4A66427EBCF /* Pods_SmartSeating.framework */ = {isa = PBXFileReference; explicitFileType = wrapper.framework; includeInIndex = 0; path = Pods_SmartSeating.framework; sourceTree = BUILT_PRODUCTS_DIR; };
/* End PBXFileReference section */

/* Begin PBXFrameworksBuildPhase section */
		3553F4722254BCD70044BE94 /* Frameworks */ = {
			isa = PBXFrameworksBuildPhase;
			buildActionMask = 2147483647;
			files = (
				E6E4D38FA871291A8CE9A553 /* Pods_SmartSeating.framework in Frameworks */,
			);
			runOnlyForDeploymentPostprocessing = 0;
		};
/* End PBXFrameworksBuildPhase section */

/* Begin PBXGroup section */
		19CEAB8FF709922436C8DDD0 /* Frameworks */ = {
			isa = PBXGroup;
			children = (
				D62788DA4000B4A66427EBCF /* Pods_SmartSeating.framework */,
			);
			name = Frameworks;
			sourceTree = "<group>";
		};
		3553F46C2254BCD70044BE94 = {
			isa = PBXGroup;
			children = (
				3553F4772254BCD70044BE94 /* SmartSeating */,
				3553F4762254BCD70044BE94 /* Products */,
				DBBC406785D09AFEC64D06F9 /* Pods */,
				19CEAB8FF709922436C8DDD0 /* Frameworks */,
			);
			sourceTree = "<group>";
		};
		3553F4762254BCD70044BE94 /* Products */ = {
			isa = PBXGroup;
			children = (
				3553F4752254BCD70044BE94 /* SmartSeating.app */,
			);
			name = Products;
			sourceTree = "<group>";
		};
		3553F4772254BCD70044BE94 /* SmartSeating */ = {
			isa = PBXGroup;
			children = (
				3553F4782254BCD70044BE94 /* AppDelegate.swift */,
				3553F47F2254BCD90044BE94 /* Assets.xcassets */,
				3553F4842254BCD90044BE94 /* Info.plist */,
				3553F4902254F17D0044BE94 /* InterestsViewController.swift */,
				3553F4812254BCD90044BE94 /* LaunchScreen.storyboard */,
				3553F47C2254BCD70044BE94 /* Main.storyboard */,
				3553F48E2254DD6C0044BE94 /* SplashScreenViewController.swift */,
				3553F47A2254BCD70044BE94 /* ViewController.swift */,
				3553F48C2254D9630044BE94 /* YourSeatViewController.swift */,
			);
			path = SmartSeating;
			sourceTree = "<group>";
		};
		DBBC406785D09AFEC64D06F9 /* Pods */ = {
			isa = PBXGroup;
			children = (
				7A46BF926E2845DE4A9A8961 /* Pods-SmartSeating.debug.xcconfig */,
				C5E796134F84716BF72823E2 /* Pods-SmartSeating.release.xcconfig */,
			);
			name = Pods;
			sourceTree = "<group>";
		};
/* End PBXGroup section */

/* Begin PBXNativeTarget section */
		3553F4742254BCD70044BE94 /* SmartSeating */ = {
			isa = PBXNativeTarget;
			buildConfigurationList = 3553F4872254BCD90044BE94 /* Build configuration list for PBXNativeTarget "SmartSeating" */;
			buildPhases = (
				228820CCA54F6463035BC289 /* [CP] Check Pods Manifest.lock */,
				3553F4712254BCD70044BE94 /* Sources */,
				3553F4722254BCD70044BE94 /* Frameworks */,
				3553F4732254BCD70044BE94 /* Resources */,
				6C5A03AB6969A94C2591BD87 /* [CP] Embed Pods Frameworks */,
			);
			buildRules = (
			);
			dependencies = (
			);
			name = SmartSeating;
			productName = SmartSeating;
			productReference = 3553F4752254BCD70044BE94 /* SmartSeating.app */;
			productType = "com.apple.product-type.application";
		};
/* End PBXNativeTarget section */

/* Begin PBXProject section */
		3553F46D2254BCD70044BE94 /* Project object */ = {
			isa = PBXProject;
			attributes = {
				LastSwiftUpdateCheck = 1020;
				LastUpgradeCheck = 1020;
				ORGANIZATIONNAME = dylanmaryk;
				TargetAttributes = {
					3553F4742254BCD70044BE94 = {
						CreatedOnToolsVersion = 10.2;
					};
				};
			};
			buildConfigurationList = 3553F4702254BCD70044BE94 /* Build configuration list for PBXProject "SmartSeating" */;
			compatibilityVersion = "Xcode 9.3";
			developmentRegion = en;
			hasScannedForEncodings = 0;
			knownRegions = (
				en,
				Base,
			);
			mainGroup = 3553F46C2254BCD70044BE94;
			productRefGroup = 3553F4762254BCD70044BE94 /* Products */;
			projectDirPath = "";
			projectRoot = "";
			targets = (
				3553F4742254BCD70044BE94 /* SmartSeating */,
			);
		};
/* End PBXProject section */

/* Begin PBXResourcesBuildPhase section */
		3553F4732254BCD70044BE94 /* Resources */ = {
			isa = PBXResourcesBuildPhase;
			buildActionMask = 2147483647;
			files = (
				3553F4832254BCD90044BE94 /* LaunchScreen.storyboard in Resources */,
				3553F4802254BCD90044BE94 /* Assets.xcassets in Resources */,
				3553F47E2254BCD70044BE94 /* Main.storyboard in Resources */,
			);
			runOnlyForDeploymentPostprocessing = 0;
		};
/* End PBXResourcesBuildPhase section */

/* Begin PBXShellScriptBuildPhase section */
		228820CCA54F6463035BC289 /* [CP] Check Pods Manifest.lock */ = {
			isa = PBXShellScriptBuildPhase;
			buildActionMask = 2147483647;
			files = (
			);
			inputFileListPaths = (
			);
			inputPaths = (
				"${PODS_PODFILE_DIR_PATH}/Podfile.lock",
				"${PODS_ROOT}/Manifest.lock",
			);
			name = "[CP] Check Pods Manifest.lock";
			outputFileListPaths = (
			);
			outputPaths = (
				"$(DERIVED_FILE_DIR)/Pods-SmartSeating-checkManifestLockResult.txt",
			);
			runOnlyForDeploymentPostprocessing = 0;
			shellPath = /bin/sh;
			shellScript = "diff \"${PODS_PODFILE_DIR_PATH}/Podfile.lock\" \"${PODS_ROOT}/Manifest.lock\" > /dev/null\nif [ $? != 0 ] ; then\n    # print error to STDERR\n    echo \"error: The sandbox is not in sync with the Podfile.lock. Run 'pod install' or update your CocoaPods installation.\" >&2\n    exit 1\nfi\n# This output is used by Xcode 'outputs' to avoid re-running this script phase.\necho \"SUCCESS\" > \"${SCRIPT_OUTPUT_FILE_0}\"\n";
			showEnvVarsInLog = 0;
		};
		6C5A03AB6969A94C2591BD87 /* [CP] Embed Pods Frameworks */ = {
			isa = PBXShellScriptBuildPhase;
			buildActionMask = 2147483647;
			files = (
			);
			inputFileListPaths = (
			);
			inputPaths = (
				"${SRCROOT}/Pods/Target Support Files/Pods-SmartSeating/Pods-SmartSeating-frameworks.sh",
				"${BUILT_PRODUCTS_DIR}/Alamofire/Alamofire.framework",
				"${BUILT_PRODUCTS_DIR}/DropDown/DropDown.framework",
				"${BUILT_PRODUCTS_DIR}/Gradients/Gradients.framework",
				"${BUILT_PRODUCTS_DIR}/PromiseKit/PromiseKit.framework",
				"${BUILT_PRODUCTS_DIR}/RxAtomic/RxAtomic.framework",
				"${BUILT_PRODUCTS_DIR}/RxCocoa/RxCocoa.framework",
				"${BUILT_PRODUCTS_DIR}/RxGesture/RxGesture.framework",
				"${BUILT_PRODUCTS_DIR}/RxSwift/RxSwift.framework",
			);
			name = "[CP] Embed Pods Frameworks";
			outputFileListPaths = (
			);
			outputPaths = (
				"${TARGET_BUILD_DIR}/${FRAMEWORKS_FOLDER_PATH}/Alamofire.framework",
				"${TARGET_BUILD_DIR}/${FRAMEWORKS_FOLDER_PATH}/DropDown.framework",
				"${TARGET_BUILD_DIR}/${FRAMEWORKS_FOLDER_PATH}/Gradients.framework",
				"${TARGET_BUILD_DIR}/${FRAMEWORKS_FOLDER_PATH}/PromiseKit.framework",
				"${TARGET_BUILD_DIR}/${FRAMEWORKS_FOLDER_PATH}/RxAtomic.framework",
				"${TARGET_BUILD_DIR}/${FRAMEWORKS_FOLDER_PATH}/RxCocoa.framework",
				"${TARGET_BUILD_DIR}/${FRAMEWORKS_FOLDER_PATH}/RxGesture.framework",
				"${TARGET_BUILD_DIR}/${FRAMEWORKS_FOLDER_PATH}/RxSwift.framework",
			);
			runOnlyForDeploymentPostprocessing = 0;
			shellPath = /bin/sh;
			shellScript = "\"${SRCROOT}/Pods/Target Support Files/Pods-SmartSeating/Pods-SmartSeating-frameworks.sh\"\n";
			showEnvVarsInLog = 0;
		};
/* End PBXShellScriptBuildPhase section */

/* Begin PBXSourcesBuildPhase section */
		3553F4712254BCD70044BE94 /* Sources */ = {
			isa = PBXSourcesBuildPhase;
			buildActionMask = 2147483647;
			files = (
				3553F47B2254BCD70044BE94 /* ViewController.swift in Sources */,
				3553F4792254BCD70044BE94 /* AppDelegate.swift in Sources */,
				3553F48F2254DD6C0044BE94 /* SplashScreenViewController.swift in Sources */,
				3553F48D2254D9630044BE94 /* YourSeatViewController.swift in Sources */,
				3553F4912254F17D0044BE94 /* InterestsViewController.swift in Sources */,
			);
			runOnlyForDeploymentPostprocessing = 0;
		};
/* End PBXSourcesBuildPhase section */

/* Begin PBXVariantGroup section */
		3553F47C2254BCD70044BE94 /* Main.storyboard */ = {
			isa = PBXVariantGroup;
			children = (
				3553F47D2254BCD70044BE94 /* Base */,
			);
			name = Main.storyboard;
			sourceTree = "<group>";
		};
		3553F4812254BCD90044BE94 /* LaunchScreen.storyboard */ = {
			isa = PBXVariantGroup;
			children = (
				3553F4822254BCD90044BE94 /* Base */,
			);
			name = LaunchScreen.storyboard;
			sourceTree = "<group>";
		};
/* End PBXVariantGroup section */

/* Begin XCBuildConfiguration section */
		3553F4852254BCD90044BE94 /* Debug */ = {
			isa = XCBuildConfiguration;
			buildSettings = {
				ALWAYS_SEARCH_USER_PATHS = NO;
				CLANG_ANALYZER_NONNULL = YES;
				CLANG_ANALYZER_NUMBER_OBJECT_CONVERSION = YES_AGGRESSIVE;
				CLANG_CXX_LANGUAGE_STANDARD = "gnu++14";
				CLANG_CXX_LIBRARY = "libc++";
				CLANG_ENABLE_MODULES = YES;
				CLANG_ENABLE_OBJC_ARC = YES;
				CLANG_ENABLE_OBJC_WEAK = YES;
				CLANG_WARN_BLOCK_CAPTURE_AUTORELEASING = YES;
				CLANG_WARN_BOOL_CONVERSION = YES;
				CLANG_WARN_COMMA = YES;
				CLANG_WARN_CONSTANT_CONVERSION = YES;
				CLANG_WARN_DEPRECATED_OBJC_IMPLEMENTATIONS = YES;
				CLANG_WARN_DIRECT_OBJC_ISA_USAGE = YES_ERROR;
				CLANG_WARN_DOCUMENTATION_COMMENTS = YES;
				CLANG_WARN_EMPTY_BODY = YES;
				CLANG_WARN_ENUM_CONVERSION = YES;
				CLANG_WARN_INFINITE_RECURSION = YES;
				CLANG_WARN_INT_CONVERSION = YES;
				CLANG_WARN_NON_LITERAL_NULL_CONVERSION = YES;
				CLANG_WARN_OBJC_IMPLICIT_RETAIN_SELF = YES;
				CLANG_WARN_OBJC_LITERAL_CONVERSION = YES;
				CLANG_WARN_OBJC_ROOT_CLASS = YES_ERROR;
				CLANG_WARN_RANGE_LOOP_ANALYSIS = YES;
				CLANG_WARN_STRICT_PROTOTYPES = YES;
				CLANG_WARN_SUSPICIOUS_MOVE = YES;
				CLANG_WARN_UNGUARDED_AVAILABILITY = YES_AGGRESSIVE;
				CLANG_WARN_UNREACHABLE_CODE = YES;
				CLANG_WARN__DUPLICATE_METHOD_MATCH = YES;
				CODE_SIGN_IDENTITY = "iPhone Developer";
				COPY_PHASE_STRIP = NO;
				DEBUG_INFORMATION_FORMAT = dwarf;
				ENABLE_STRICT_OBJC_MSGSEND = YES;
				ENABLE_TESTABILITY = YES;
				GCC_C_LANGUAGE_STANDARD = gnu11;
				GCC_DYNAMIC_NO_PIC = NO;
				GCC_NO_COMMON_BLOCKS = YES;
				GCC_OPTIMIZATION_LEVEL = 0;
				GCC_PREPROCESSOR_DEFINITIONS = (
					"DEBUG=1",
					"$(inherited)",
				);
				GCC_WARN_64_TO_32_BIT_CONVERSION = YES;
				GCC_WARN_ABOUT_RETURN_TYPE = YES_ERROR;
				GCC_WARN_UNDECLARED_SELECTOR = YES;
				GCC_WARN_UNINITIALIZED_AUTOS = YES_AGGRESSIVE;
				GCC_WARN_UNUSED_FUNCTION = YES;
				GCC_WARN_UNUSED_VARIABLE = YES;
				IPHONEOS_DEPLOYMENT_TARGET = 12.2;
				MTL_ENABLE_DEBUG_INFO = INCLUDE_SOURCE;
				MTL_FAST_MATH = YES;
				ONLY_ACTIVE_ARCH = YES;
				SDKROOT = iphoneos;
				SWIFT_ACTIVE_COMPILATION_CONDITIONS = DEBUG;
				SWIFT_OPTIMIZATION_LEVEL = "-Onone";
				SWIFT_VERSION = 4.2;
			};
			name = Debug;
		};
		3553F4862254BCD90044BE94 /* Release */ = {
			isa = XCBuildConfiguration;
			buildSettings = {
				ALWAYS_SEARCH_USER_PATHS = NO;
				CLANG_ANALYZER_NONNULL = YES;
				CLANG_ANALYZER_NUMBER_OBJECT_CONVERSION = YES_AGGRESSIVE;
				CLANG_CXX_LANGUAGE_STANDARD = "gnu++14";
				CLANG_CXX_LIBRARY = "libc++";
				CLANG_ENABLE_MODULES = YES;
				CLANG_ENABLE_OBJC_ARC = YES;
				CLANG_ENABLE_OBJC_WEAK = YES;
				CLANG_WARN_BLOCK_CAPTURE_AUTORELEASING = YES;
				CLANG_WARN_BOOL_CONVERSION = YES;
				CLANG_WARN_COMMA = YES;
				CLANG_WARN_CONSTANT_CONVERSION = YES;
				CLANG_WARN_DEPRECATED_OBJC_IMPLEMENTATIONS = YES;
				CLANG_WARN_DIRECT_OBJC_ISA_USAGE = YES_ERROR;
				CLANG_WARN_DOCUMENTATION_COMMENTS = YES;
				CLANG_WARN_EMPTY_BODY = YES;
				CLANG_WARN_ENUM_CONVERSION = YES;
				CLANG_WARN_INFINITE_RECURSION = YES;
				CLANG_WARN_INT_CONVERSION = YES;
				CLANG_WARN_NON_LITERAL_NULL_CONVERSION = YES;
				CLANG_WARN_OBJC_IMPLICIT_RETAIN_SELF = YES;
				CLANG_WARN_OBJC_LITERAL_CONVERSION = YES;
				CLANG_WARN_OBJC_ROOT_CLASS = YES_ERROR;
				CLANG_WARN_RANGE_LOOP_ANALYSIS = YES;
				CLANG_WARN_STRICT_PROTOTYPES = YES;
				CLANG_WARN_SUSPICIOUS_MOVE = YES;
				CLANG_WARN_UNGUARDED_AVAILABILITY = YES_AGGRESSIVE;
				CLANG_WARN_UNREACHABLE_CODE = YES;
				CLANG_WARN__DUPLICATE_METHOD_MATCH = YES;
				CODE_SIGN_IDENTITY = "iPhone Developer";
				COPY_PHASE_STRIP = NO;
				DEBUG_INFORMATION_FORMAT = "dwarf-with-dsym";
				ENABLE_NS_ASSERTIONS = NO;
				ENABLE_STRICT_OBJC_MSGSEND = YES;
				GCC_C_LANGUAGE_STANDARD = gnu11;
				GCC_NO_COMMON_BLOCKS = YES;
				GCC_WARN_64_TO_32_BIT_CONVERSION = YES;
				GCC_WARN_ABOUT_RETURN_TYPE = YES_ERROR;
				GCC_WARN_UNDECLARED_SELECTOR = YES;
				GCC_WARN_UNINITIALIZED_AUTOS = YES_AGGRESSIVE;
				GCC_WARN_UNUSED_FUNCTION = YES;
				GCC_WARN_UNUSED_VARIABLE = YES;
				IPHONEOS_DEPLOYMENT_TARGET = 12.2;
				MTL_ENABLE_DEBUG_INFO = NO;
				MTL_FAST_MATH = YES;
				SDKROOT = iphoneos;
				SWIFT_COMPILATION_MODE = wholemodule;
				SWIFT_OPTIMIZATION_LEVEL = "-O";
				SWIFT_VERSION = 4.2;
				VALIDATE_PRODUCT = YES;
			};
			name = Release;
		};
		3553F4882254BCD90044BE94 /* Debug */ = {
			isa = XCBuildConfiguration;
			baseConfigurationReference = 7A46BF926E2845DE4A9A8961 /* Pods-SmartSeating.debug.xcconfig */;
			buildSettings = {
				ASSETCATALOG_COMPILER_APPICON_NAME = AppIcon;
				CODE_SIGN_IDENTITY = "iPhone Developer";
				CODE_SIGN_STYLE = Automatic;
				DEVELOPMENT_TEAM = "";
				INFOPLIST_FILE = SmartSeating/Info.plist;
				IPHONEOS_DEPLOYMENT_TARGET = 12.1;
				LD_RUNPATH_SEARCH_PATHS = (
					"$(inherited)",
					"@executable_path/Frameworks",
				);
				PRODUCT_BUNDLE_IDENTIFIER = com.dylanmaryk.SmartSeating;
				PRODUCT_NAME = "$(TARGET_NAME)";
				PROVISIONING_PROFILE_SPECIFIER = "";
				SWIFT_VERSION = 4.2;
				TARGETED_DEVICE_FAMILY = "1,2";
			};
			name = Debug;
		};
		3553F4892254BCDA0044BE94 /* Release */ = {
			isa = XCBuildConfiguration;
			baseConfigurationReference = C5E796134F84716BF72823E2 /* Pods-SmartSeating.release.xcconfig */;
			buildSettings = {
				ASSETCATALOG_COMPILER_APPICON_NAME = AppIcon;
				CODE_SIGN_IDENTITY = "iPhone Developer";
				CODE_SIGN_STYLE = Automatic;
				DEVELOPMENT_TEAM = "";
				INFOPLIST_FILE = SmartSeating/Info.plist;
				IPHONEOS_DEPLOYMENT_TARGET = 12.1;
				LD_RUNPATH_SEARCH_PATHS = (
					"$(inherited)",
					"@executable_path/Frameworks",
				);
				PRODUCT_BUNDLE_IDENTIFIER = com.dylanmaryk.SmartSeating;
				PRODUCT_NAME = "$(TARGET_NAME)";
				PROVISIONING_PROFILE_SPECIFIER = "";
				SWIFT_VERSION = 4.2;
				TARGETED_DEVICE_FAMILY = "1,2";
			};
			name = Release;
		};
/* End XCBuildConfiguration section */

/* Begin XCConfigurationList section */
		3553F4702254BCD70044BE94 /* Build configuration list for PBXProject "SmartSeating" */ = {
			isa = XCConfigurationList;
			buildConfigurations = (
				3553F4852254BCD90044BE94 /* Debug */,
				3553F4862254BCD90044BE94 /* Release */,
			);
			defaultConfigurationIsVisible = 0;
			defaultConfigurationName = Release;
		};
		3553F4872254BCD90044BE94 /* Build configuration list for PBXNativeTarget "SmartSeating" */ = {
			isa = XCConfigurationList;
			buildConfigurations = (
				3553F4882254BCD90044BE94 /* Debug */,
				3553F4892254BCDA0044BE94 /* Release */,
			);
			defaultConfigurationIsVisible = 0;
			defaultConfigurationName = Release;
		};
/* End XCConfigurationList section */
	};
	rootObject = 3553F46D2254BCD70044BE94 /* Project object */;
}
